// !$*UTF8*$!
{
	archiveVersion = 1;
	classes = {
	};
	objectVersion = 48;
	objects = {

/* Begin PBXBuildFile section */
		083046441FE7F1EC00CB978B /* ThresholdPanGesture.swift in Sources */ = {isa = PBXBuildFile; fileRef = 0830463E1FE7F1EC00CB978B /* ThresholdPanGesture.swift */; };
		083046451FE7F1EC00CB978B /* VirtualObjectInteraction.swift in Sources */ = {isa = PBXBuildFile; fileRef = 0830463F1FE7F1EC00CB978B /* VirtualObjectInteraction.swift */; };
		083046481FE7F1EC00CB978B /* VirtualObjectARView.swift in Sources */ = {isa = PBXBuildFile; fileRef = 083046421FE7F1EC00CB978B /* VirtualObjectARView.swift */; };
		083046491FE7F1EC00CB978B /* ViewController+ARSCNViewDelegate.swift in Sources */ = {isa = PBXBuildFile; fileRef = 083046431FE7F1EC00CB978B /* ViewController+ARSCNViewDelegate.swift */; };
		083046551FE7F25800CB978B /* Utilities.swift in Sources */ = {isa = PBXBuildFile; fileRef = 0830464B1FE7F25800CB978B /* Utilities.swift */; };
		083046571FE7F25800CB978B /* StatusViewController.swift in Sources */ = {isa = PBXBuildFile; fileRef = 0830464E1FE7F25800CB978B /* StatusViewController.swift */; };
		083046581FE7F25800CB978B /* FocusSquareSegment.swift in Sources */ = {isa = PBXBuildFile; fileRef = 083046501FE7F25800CB978B /* FocusSquareSegment.swift */; };
		083046591FE7F25800CB978B /* FocusSquare.swift in Sources */ = {isa = PBXBuildFile; fileRef = 083046511FE7F25800CB978B /* FocusSquare.swift */; };
		083046601FE81E7100CB978B /* environment_blur.exr in Resources */ = {isa = PBXBuildFile; fileRef = 0830465E1FE81E7100CB978B /* environment_blur.exr */; };
		083046611FE81E7100CB978B /* environment.jpg in Resources */ = {isa = PBXBuildFile; fileRef = 0830465F1FE81E7100CB978B /* environment.jpg */; };
		083046631FEA9A5700CB978B /* ViewController+Actions.swift in Sources */ = {isa = PBXBuildFile; fileRef = 083046621FEA9A5700CB978B /* ViewController+Actions.swift */; };
		083CC1221FBE74CB005C58DC /* PlanetNode.swift in Sources */ = {isa = PBXBuildFile; fileRef = 083CC1211FBE74CB005C58DC /* PlanetNode.swift */; };
		085E4C351FB2AB6200CF7EDD /* Planet.swift in Sources */ = {isa = PBXBuildFile; fileRef = 085E4C341FB2AB6200CF7EDD /* Planet.swift */; };
		085E4C371FB2DCEC00CF7EDD /* PlanetEnum.swift in Sources */ = {isa = PBXBuildFile; fileRef = 085E4C361FB2DCEC00CF7EDD /* PlanetEnum.swift */; };
		086032D01FA4380300A046CF /* AppDelegate.swift in Sources */ = {isa = PBXBuildFile; fileRef = 086032CF1FA4380300A046CF /* AppDelegate.swift */; };
		086032D21FA4380300A046CF /* art.scnassets in Resources */ = {isa = PBXBuildFile; fileRef = 086032D11FA4380300A046CF /* art.scnassets */; };
		086032D41FA4380300A046CF /* ViewController.swift in Sources */ = {isa = PBXBuildFile; fileRef = 086032D31FA4380300A046CF /* ViewController.swift */; };
		086032D71FA4380400A046CF /* Main.storyboard in Resources */ = {isa = PBXBuildFile; fileRef = 086032D51FA4380400A046CF /* Main.storyboard */; };
		086032D91FA4380400A046CF /* Assets.xcassets in Resources */ = {isa = PBXBuildFile; fileRef = 086032D81FA4380400A046CF /* Assets.xcassets */; };
		086032DC1FA4380400A046CF /* LaunchScreen.storyboard in Resources */ = {isa = PBXBuildFile; fileRef = 086032DA1FA4380400A046CF /* LaunchScreen.storyboard */; };
		08BB2CDD1FE0E777002F39F1 /* PlanetLoop.swift in Sources */ = {isa = PBXBuildFile; fileRef = 08BB2CDC1FE0E777002F39F1 /* PlanetLoop.swift */; };
/* End PBXBuildFile section */

/* Begin PBXFileReference section */
		0830463E1FE7F1EC00CB978B /* ThresholdPanGesture.swift */ = {isa = PBXFileReference; fileEncoding = 4; lastKnownFileType = sourcecode.swift; path = ThresholdPanGesture.swift; sourceTree = "<group>"; };
		0830463F1FE7F1EC00CB978B /* VirtualObjectInteraction.swift */ = {isa = PBXFileReference; fileEncoding = 4; lastKnownFileType = sourcecode.swift; path = VirtualObjectInteraction.swift; sourceTree = "<group>"; };
		083046421FE7F1EC00CB978B /* VirtualObjectARView.swift */ = {isa = PBXFileReference; fileEncoding = 4; lastKnownFileType = sourcecode.swift; path = VirtualObjectARView.swift; sourceTree = "<group>"; };
		083046431FE7F1EC00CB978B /* ViewController+ARSCNViewDelegate.swift */ = {isa = PBXFileReference; fileEncoding = 4; lastKnownFileType = sourcecode.swift; path = "ViewController+ARSCNViewDelegate.swift"; sourceTree = "<group>"; };
		0830464B1FE7F25800CB978B /* Utilities.swift */ = {isa = PBXFileReference; fileEncoding = 4; lastKnownFileType = sourcecode.swift; path = Utilities.swift; sourceTree = "<group>"; };
		0830464E1FE7F25800CB978B /* StatusViewController.swift */ = {isa = PBXFileReference; fileEncoding = 4; lastKnownFileType = sourcecode.swift; path = StatusViewController.swift; sourceTree = "<group>"; };
		083046501FE7F25800CB978B /* FocusSquareSegment.swift */ = {isa = PBXFileReference; fileEncoding = 4; lastKnownFileType = sourcecode.swift; path = FocusSquareSegment.swift; sourceTree = "<group>"; };
		083046511FE7F25800CB978B /* FocusSquare.swift */ = {isa = PBXFileReference; fileEncoding = 4; lastKnownFileType = sourcecode.swift; path = FocusSquare.swift; sourceTree = "<group>"; };
		0830465E1FE81E7100CB978B /* environment_blur.exr */ = {isa = PBXFileReference; lastKnownFileType = file; path = environment_blur.exr; sourceTree = "<group>"; };
		0830465F1FE81E7100CB978B /* environment.jpg */ = {isa = PBXFileReference; lastKnownFileType = image.jpeg; path = environment.jpg; sourceTree = "<group>"; };
		083046621FEA9A5700CB978B /* ViewController+Actions.swift */ = {isa = PBXFileReference; fileEncoding = 4; lastKnownFileType = sourcecode.swift; path = "ViewController+Actions.swift"; sourceTree = "<group>"; };
		083CC1211FBE74CB005C58DC /* PlanetNode.swift */ = {isa = PBXFileReference; lastKnownFileType = sourcecode.swift; path = PlanetNode.swift; sourceTree = "<group>"; };
		085E4C341FB2AB6200CF7EDD /* Planet.swift */ = {isa = PBXFileReference; lastKnownFileType = sourcecode.swift; path = Planet.swift; sourceTree = "<group>"; };
		085E4C361FB2DCEC00CF7EDD /* PlanetEnum.swift */ = {isa = PBXFileReference; lastKnownFileType = sourcecode.swift; path = PlanetEnum.swift; sourceTree = "<group>"; };
		086032CC1FA4380300A046CF /* ARSolarPlaySwift.app */ = {isa = PBXFileReference; explicitFileType = wrapper.application; includeInIndex = 0; path = ARSolarPlaySwift.app; sourceTree = BUILT_PRODUCTS_DIR; };
		086032CF1FA4380300A046CF /* AppDelegate.swift */ = {isa = PBXFileReference; lastKnownFileType = sourcecode.swift; path = AppDelegate.swift; sourceTree = "<group>"; };
		086032D11FA4380300A046CF /* art.scnassets */ = {isa = PBXFileReference; lastKnownFileType = wrapper.scnassets; path = art.scnassets; sourceTree = "<group>"; };
		086032D31FA4380300A046CF /* ViewController.swift */ = {isa = PBXFileReference; lastKnownFileType = sourcecode.swift; path = ViewController.swift; sourceTree = "<group>"; };
		086032D61FA4380400A046CF /* Base */ = {isa = PBXFileReference; lastKnownFileType = file.storyboard; name = Base; path = Base.lproj/Main.storyboard; sourceTree = "<group>"; };
		086032D81FA4380400A046CF /* Assets.xcassets */ = {isa = PBXFileReference; lastKnownFileType = folder.assetcatalog; path = Assets.xcassets; sourceTree = "<group>"; };
		086032DB1FA4380400A046CF /* Base */ = {isa = PBXFileReference; lastKnownFileType = file.storyboard; name = Base; path = Base.lproj/LaunchScreen.storyboard; sourceTree = "<group>"; };
		086032DD1FA4380400A046CF /* Info.plist */ = {isa = PBXFileReference; lastKnownFileType = text.plist.xml; path = Info.plist; sourceTree = "<group>"; };
		08BB2CDC1FE0E777002F39F1 /* PlanetLoop.swift */ = {isa = PBXFileReference; lastKnownFileType = sourcecode.swift; path = PlanetLoop.swift; sourceTree = "<group>"; };
/* End PBXFileReference section */

/* Begin PBXFrameworksBuildPhase section */
		086032C91FA4380300A046CF /* Frameworks */ = {
			isa = PBXFrameworksBuildPhase;
			buildActionMask = 2147483647;
			files = (
			);
			runOnlyForDeploymentPostprocessing = 0;
		};
/* End PBXFrameworksBuildPhase section */

/* Begin PBXGroup section */
		0830464A1FE7F25800CB978B /* Utilities */ = {
			isa = PBXGroup;
			children = (
				0830464B1FE7F25800CB978B /* Utilities.swift */,
			);
			path = Utilities;
			sourceTree = "<group>";
		};
		0830464C1FE7F25800CB978B /* Additional View Controllers */ = {
			isa = PBXGroup;
			children = (
				0830464E1FE7F25800CB978B /* StatusViewController.swift */,
			);
			path = "Additional View Controllers";
			sourceTree = "<group>";
		};
		0830464F1FE7F25800CB978B /* Focus Square */ = {
			isa = PBXGroup;
			children = (
				083046501FE7F25800CB978B /* FocusSquareSegment.swift */,
				083046511FE7F25800CB978B /* FocusSquare.swift */,
			);
			path = "Focus Square";
			sourceTree = "<group>";
		};
		083046521FE7F25800CB978B /* Virtual Objects */ = {
			isa = PBXGroup;
			children = (
				085E4C341FB2AB6200CF7EDD /* Planet.swift */,
				085E4C361FB2DCEC00CF7EDD /* PlanetEnum.swift */,
				08BB2CDC1FE0E777002F39F1 /* PlanetLoop.swift */,
				083CC1211FBE74CB005C58DC /* PlanetNode.swift */,
			);
			path = "Virtual Objects";
			sourceTree = "<group>";
		};
		0830465C1FE81E4900CB978B /* Res */ = {
			isa = PBXGroup;
			children = (
				0830465D1FE81E7100CB978B /* sharedImages */,
			);
			path = Res;
			sourceTree = "<group>";
		};
		0830465D1FE81E7100CB978B /* sharedImages */ = {
			isa = PBXGroup;
			children = (
				0830465E1FE81E7100CB978B /* environment_blur.exr */,
				0830465F1FE81E7100CB978B /* environment.jpg */,
			);
			path = sharedImages;
			sourceTree = "<group>";
		};
		086032C31FA4380300A046CF = {
			isa = PBXGroup;
			children = (
				086032CE1FA4380300A046CF /* ARSolarPlaySwift */,
				086032CD1FA4380300A046CF /* Products */,
			);
			sourceTree = "<group>";
		};
		086032CD1FA4380300A046CF /* Products */ = {
			isa = PBXGroup;
			children = (
				086032CC1FA4380300A046CF /* ARSolarPlaySwift.app */,
			);
			name = Products;
			sourceTree = "<group>";
		};
		086032CE1FA4380300A046CF /* ARSolarPlaySwift */ = {
			isa = PBXGroup;
			children = (
				086032D31FA4380300A046CF /* ViewController.swift */,
				0830463E1FE7F1EC00CB978B /* ThresholdPanGesture.swift */,
				083046621FEA9A5700CB978B /* ViewController+Actions.swift */,
				083046431FE7F1EC00CB978B /* ViewController+ARSCNViewDelegate.swift */,
				083046421FE7F1EC00CB978B /* VirtualObjectARView.swift */,
				0830463F1FE7F1EC00CB978B /* VirtualObjectInteraction.swift */,
				086032CF1FA4380300A046CF /* AppDelegate.swift */,
				0830464C1FE7F25800CB978B /* Additional View Controllers */,
				0830464F1FE7F25800CB978B /* Focus Square */,
				0830464A1FE7F25800CB978B /* Utilities */,
				0830465C1FE81E4900CB978B /* Res */,
				083046521FE7F25800CB978B /* Virtual Objects */,
				086032D11FA4380300A046CF /* art.scnassets */,
				086032D51FA4380400A046CF /* Main.storyboard */,
				086032D81FA4380400A046CF /* Assets.xcassets */,
				086032DA1FA4380400A046CF /* LaunchScreen.storyboard */,
				086032DD1FA4380400A046CF /* Info.plist */,
			);
			path = ARSolarPlaySwift;
			sourceTree = "<group>";
		};
/* End PBXGroup section */

/* Begin PBXNativeTarget section */
		086032CB1FA4380300A046CF /* ARSolarPlaySwift */ = {
			isa = PBXNativeTarget;
			buildConfigurationList = 086032E01FA4380400A046CF /* Build configuration list for PBXNativeTarget "ARSolarPlaySwift" */;
			buildPhases = (
				086032C81FA4380300A046CF /* Sources */,
				086032C91FA4380300A046CF /* Frameworks */,
				086032CA1FA4380300A046CF /* Resources */,
			);
			buildRules = (
			);
			dependencies = (
			);
			name = ARSolarPlaySwift;
			productName = ARSolarPlaySwift;
			productReference = 086032CC1FA4380300A046CF /* ARSolarPlaySwift.app */;
			productType = "com.apple.product-type.application";
		};
/* End PBXNativeTarget section */

/* Begin PBXProject section */
		086032C41FA4380300A046CF /* Project object */ = {
			isa = PBXProject;
			attributes = {
				LastSwiftUpdateCheck = 0910;
				LastUpgradeCheck = 0910;
				ORGANIZATIONNAME = "Alex yang";
				TargetAttributes = {
					086032CB1FA4380300A046CF = {
						CreatedOnToolsVersion = 9.1;
						ProvisioningStyle = Automatic;
					};
				};
			};
			buildConfigurationList = 086032C71FA4380300A046CF /* Build configuration list for PBXProject "ARSolarPlaySwift" */;
			compatibilityVersion = "Xcode 8.0";
			developmentRegion = en;
			hasScannedForEncodings = 0;
			knownRegions = (
				en,
				Base,
			);
			mainGroup = 086032C31FA4380300A046CF;
			productRefGroup = 086032CD1FA4380300A046CF /* Products */;
			projectDirPath = "";
			projectRoot = "";
			targets = (
				086032CB1FA4380300A046CF /* ARSolarPlaySwift */,
			);
		};
/* End PBXProject section */

/* Begin PBXResourcesBuildPhase section */
		086032CA1FA4380300A046CF /* Resources */ = {
			isa = PBXResourcesBuildPhase;
			buildActionMask = 2147483647;
			files = (
				086032D21FA4380300A046CF /* art.scnassets in Resources */,
				083046611FE81E7100CB978B /* environment.jpg in Resources */,
				086032DC1FA4380400A046CF /* LaunchScreen.storyboard in Resources */,
				083046601FE81E7100CB978B /* environment_blur.exr in Resources */,
				086032D91FA4380400A046CF /* Assets.xcassets in Resources */,
				086032D71FA4380400A046CF /* Main.storyboard in Resources */,
			);
			runOnlyForDeploymentPostprocessing = 0;
		};
/* End PBXResourcesBuildPhase section */

/* Begin PBXSourcesBuildPhase section */
		086032C81FA4380300A046CF /* Sources */ = {
			isa = PBXSourcesBuildPhase;
			buildActionMask = 2147483647;
			files = (
				083046491FE7F1EC00CB978B /* ViewController+ARSCNViewDelegate.swift in Sources */,
				083046631FEA9A5700CB978B /* ViewController+Actions.swift in Sources */,
				085E4C371FB2DCEC00CF7EDD /* PlanetEnum.swift in Sources */,
				083046441FE7F1EC00CB978B /* ThresholdPanGesture.swift in Sources */,
				083046571FE7F25800CB978B /* StatusViewController.swift in Sources */,
				083046481FE7F1EC00CB978B /* VirtualObjectARView.swift in Sources */,
				083046551FE7F25800CB978B /* Utilities.swift in Sources */,
				083046581FE7F25800CB978B /* FocusSquareSegment.swift in Sources */,
				08BB2CDD1FE0E777002F39F1 /* PlanetLoop.swift in Sources */,
				083CC1221FBE74CB005C58DC /* PlanetNode.swift in Sources */,
				083046591FE7F25800CB978B /* FocusSquare.swift in Sources */,
				085E4C351FB2AB6200CF7EDD /* Planet.swift in Sources */,
				086032D41FA4380300A046CF /* ViewController.swift in Sources */,
				086032D01FA4380300A046CF /* AppDelegate.swift in Sources */,
				083046451FE7F1EC00CB978B /* VirtualObjectInteraction.swift in Sources */,
			);
			runOnlyForDeploymentPostprocessing = 0;
		};
/* End PBXSourcesBuildPhase section */

/* Begin PBXVariantGroup section */
		086032D51FA4380400A046CF /* Main.storyboard */ = {
			isa = PBXVariantGroup;
			children = (
				086032D61FA4380400A046CF /* Base */,
			);
			name = Main.storyboard;
			sourceTree = "<group>";
		};
		086032DA1FA4380400A046CF /* LaunchScreen.storyboard */ = {
			isa = PBXVariantGroup;
			children = (
				086032DB1FA4380400A046CF /* Base */,
			);
			name = LaunchScreen.storyboard;
			sourceTree = "<group>";
		};
/* End PBXVariantGroup section */

/* Begin XCBuildConfiguration section */
		086032DE1FA4380400A046CF /* Debug */ = {
			isa = XCBuildConfiguration;
			buildSettings = {
				ALWAYS_SEARCH_USER_PATHS = NO;
				CLANG_ANALYZER_NONNULL = YES;
				CLANG_ANALYZER_NUMBER_OBJECT_CONVERSION = YES_AGGRESSIVE;
				CLANG_CXX_LANGUAGE_STANDARD = "gnu++14";
				CLANG_CXX_LIBRARY = "libc++";
				CLANG_ENABLE_MODULES = YES;
				CLANG_ENABLE_OBJC_ARC = YES;
				CLANG_WARN_BLOCK_CAPTURE_AUTORELEASING = YES;
				CLANG_WARN_BOOL_CONVERSION = YES;
				CLANG_WARN_COMMA = YES;
				CLANG_WARN_CONSTANT_CONVERSION = YES;
				CLANG_WARN_DIRECT_OBJC_ISA_USAGE = YES_ERROR;
				CLANG_WARN_DOCUMENTATION_COMMENTS = YES;
				CLANG_WARN_EMPTY_BODY = YES;
				CLANG_WARN_ENUM_CONVERSION = YES;
				CLANG_WARN_INFINITE_RECURSION = YES;
				CLANG_WARN_INT_CONVERSION = YES;
				CLANG_WARN_NON_LITERAL_NULL_CONVERSION = YES;
				CLANG_WARN_OBJC_LITERAL_CONVERSION = YES;
				CLANG_WARN_OBJC_ROOT_CLASS = YES_ERROR;
				CLANG_WARN_RANGE_LOOP_ANALYSIS = YES;
				CLANG_WARN_STRICT_PROTOTYPES = YES;
				CLANG_WARN_SUSPICIOUS_MOVE = YES;
				CLANG_WARN_UNGUARDED_AVAILABILITY = YES_AGGRESSIVE;
				CLANG_WARN_UNREACHABLE_CODE = YES;
				CLANG_WARN__DUPLICATE_METHOD_MATCH = YES;
				CODE_SIGN_IDENTITY = "iPhone Developer";
				COPY_PHASE_STRIP = NO;
				DEBUG_INFORMATION_FORMAT = dwarf;
				ENABLE_STRICT_OBJC_MSGSEND = YES;
				ENABLE_TESTABILITY = YES;
				GCC_C_LANGUAGE_STANDARD = gnu11;
				GCC_DYNAMIC_NO_PIC = NO;
				GCC_NO_COMMON_BLOCKS = YES;
				GCC_OPTIMIZATION_LEVEL = 0;
				GCC_PREPROCESSOR_DEFINITIONS = (
					"DEBUG=1",
					"$(inherited)",
				);
				GCC_WARN_64_TO_32_BIT_CONVERSION = YES;
				GCC_WARN_ABOUT_RETURN_TYPE = YES_ERROR;
				GCC_WARN_UNDECLARED_SELECTOR = YES;
				GCC_WARN_UNINITIALIZED_AUTOS = YES_AGGRESSIVE;
				GCC_WARN_UNUSED_FUNCTION = YES;
				GCC_WARN_UNUSED_VARIABLE = YES;
				IPHONEOS_DEPLOYMENT_TARGET = 11.1;
				MTL_ENABLE_DEBUG_INFO = YES;
				ONLY_ACTIVE_ARCH = YES;
				SDKROOT = iphoneos;
				SWIFT_ACTIVE_COMPILATION_CONDITIONS = DEBUG;
				SWIFT_OPTIMIZATION_LEVEL = "-Onone";
			};
			name = Debug;
		};
		086032DF1FA4380400A046CF /* Release */ = {
			isa = XCBuildConfiguration;
			buildSettings = {
				ALWAYS_SEARCH_USER_PATHS = NO;
				CLANG_ANALYZER_NONNULL = YES;
				CLANG_ANALYZER_NUMBER_OBJECT_CONVERSION = YES_AGGRESSIVE;
				CLANG_CXX_LANGUAGE_STANDARD = "gnu++14";
				CLANG_CXX_LIBRARY = "libc++";
				CLANG_ENABLE_MODULES = YES;
				CLANG_ENABLE_OBJC_ARC = YES;
				CLANG_WARN_BLOCK_CAPTURE_AUTORELEASING = YES;
				CLANG_WARN_BOOL_CONVERSION = YES;
				CLANG_WARN_COMMA = YES;
				CLANG_WARN_CONSTANT_CONVERSION = YES;
				CLANG_WARN_DIRECT_OBJC_ISA_USAGE = YES_ERROR;
				CLANG_WARN_DOCUMENTATION_COMMENTS = YES;
				CLANG_WARN_EMPTY_BODY = YES;
				CLANG_WARN_ENUM_CONVERSION = YES;
				CLANG_WARN_INFINITE_RECURSION = YES;
				CLANG_WARN_INT_CONVERSION = YES;
				CLANG_WARN_NON_LITERAL_NULL_CONVERSION = YES;
				CLANG_WARN_OBJC_LITERAL_CONVERSION = YES;
				CLANG_WARN_OBJC_ROOT_CLASS = YES_ERROR;
				CLANG_WARN_RANGE_LOOP_ANALYSIS = YES;
				CLANG_WARN_STRICT_PROTOTYPES = YES;
				CLANG_WARN_SUSPICIOUS_MOVE = YES;
				CLANG_WARN_UNGUARDED_AVAILABILITY = YES_AGGRESSIVE;
				CLANG_WARN_UNREACHABLE_CODE = YES;
				CLANG_WARN__DUPLICATE_METHOD_MATCH = YES;
				CODE_SIGN_IDENTITY = "iPhone Developer";
				COPY_PHASE_STRIP = NO;
				DEBUG_INFORMATION_FORMAT = "dwarf-with-dsym";
				ENABLE_NS_ASSERTIONS = NO;
				ENABLE_STRICT_OBJC_MSGSEND = YES;
				GCC_C_LANGUAGE_STANDARD = gnu11;
				GCC_NO_COMMON_BLOCKS = YES;
				GCC_WARN_64_TO_32_BIT_CONVERSION = YES;
				GCC_WARN_ABOUT_RETURN_TYPE = YES_ERROR;
				GCC_WARN_UNDECLARED_SELECTOR = YES;
				GCC_WARN_UNINITIALIZED_AUTOS = YES_AGGRESSIVE;
				GCC_WARN_UNUSED_FUNCTION = YES;
				GCC_WARN_UNUSED_VARIABLE = YES;
				IPHONEOS_DEPLOYMENT_TARGET = 11.1;
				MTL_ENABLE_DEBUG_INFO = NO;
				SDKROOT = iphoneos;
				SWIFT_OPTIMIZATION_LEVEL = "-Owholemodule";
				VALIDATE_PRODUCT = YES;
			};
			name = Release;
		};
		086032E11FA4380400A046CF /* Debug */ = {
			isa = XCBuildConfiguration;
			buildSettings = {
				ASSETCATALOG_COMPILER_APPICON_NAME = AppIcon;
				CODE_SIGN_STYLE = Automatic;
				DEVELOPMENT_TEAM = PD973WK396;
				INFOPLIST_FILE = ARSolarPlaySwift/Info.plist;
				LD_RUNPATH_SEARCH_PATHS = "$(inherited) @executable_path/Frameworks";
				PRODUCT_BUNDLE_IDENTIFIER = com.shigy.ARSolarPlaySwift;
				PRODUCT_NAME = "$(TARGET_NAME)";
				SWIFT_VERSION = 4.0;
				TARGETED_DEVICE_FAMILY = "1,2";
			};
			name = Debug;
		};
		086032E21FA4380400A046CF /* Release */ = {
			isa = XCBuildConfiguration;
			buildSettings = {
				ASSETCATALOG_COMPILER_APPICON_NAME = AppIcon;
				CODE_SIGN_STYLE = Automatic;
				DEVELOPMENT_TEAM = PD973WK396;
				INFOPLIST_FILE = ARSolarPlaySwift/Info.plist;
				LD_RUNPATH_SEARCH_PATHS = "$(inherited) @executable_path/Frameworks";
				PRODUCT_BUNDLE_IDENTIFIER = com.shigy.ARSolarPlaySwift;
				PRODUCT_NAME = "$(TARGET_NAME)";
				SWIFT_VERSION = 4.0;
				TARGETED_DEVICE_FAMILY = "1,2";
			};
			name = Release;
		};
/* End XCBuildConfiguration section */

/* Begin XCConfigurationList section */
		086032C71FA4380300A046CF /* Build configuration list for PBXProject "ARSolarPlaySwift" */ = {
			isa = XCConfigurationList;
			buildConfigurations = (
				086032DE1FA4380400A046CF /* Debug */,
				086032DF1FA4380400A046CF /* Release */,
			);
			defaultConfigurationIsVisible = 0;
			defaultConfigurationName = Release;
		};
		086032E01FA4380400A046CF /* Build configuration list for PBXNativeTarget "ARSolarPlaySwift" */ = {
			isa = XCConfigurationList;
			buildConfigurations = (
				086032E11FA4380400A046CF /* Debug */,
				086032E21FA4380400A046CF /* Release */,
			);
			defaultConfigurationIsVisible = 0;
			defaultConfigurationName = Release;
		};
/* End XCConfigurationList section */
	};
	rootObject = 086032C41FA4380300A046CF /* Project object */;
}
